
Microsoft Visual Studio Solution File, Format Version 12.00
# Visual Studio 15
VisualStudioVersion = 15.0.27130.2010
MinimumVisualStudioVersion = 10.0.40219.1
Project("{FAE04EC0-301F-11D3-BF4B-00C04F79EFBC}") = "Bug-Tracker", "Bug-Tracker\Bug-Tracker.csproj", "{8B25278B-374D-40E3-A505-BCD997AC820D}"
EndProject
Project("{FAE04EC0-301F-11D3-BF4B-00C04F79EFBC}") = "BugTests", "UnitTestProject1\BugTests.csproj", "{C80F763C-88B3-47B2-BB9F-51CDFB925272}"
EndProject
Global
	GlobalSection(SolutionConfigurationPlatforms) = preSolution
		Debug|Any CPU = Debug|Any CPU
		Debug|ARM = Debug|ARM
		Debug|x64 = Debug|x64
		Debug|x86 = Debug|x86
		Release|Any CPU = Release|Any CPU
		Release|ARM = Release|ARM
		Release|x64 = Release|x64
		Release|x86 = Release|x86
	EndGlobalSection
	GlobalSection(ProjectConfigurationPlatforms) = postSolution
		{8B25278B-374D-40E3-A505-BCD997AC820D}.Debug|Any CPU.ActiveCfg = Debug|Any CPU
		{8B25278B-374D-40E3-A505-BCD997AC820D}.Debug|Any CPU.Build.0 = Debug|Any CPU
		{8B25278B-374D-40E3-A505-BCD997AC820D}.Debug|ARM.ActiveCfg = Debug|Any CPU
		{8B25278B-374D-40E3-A505-BCD997AC820D}.Debug|ARM.Build.0 = Debug|Any CPU
		{8B25278B-374D-40E3-A505-BCD997AC820D}.Debug|x64.ActiveCfg = Debug|Any CPU
		{8B25278B-374D-40E3-A505-BCD997AC820D}.Debug|x64.Build.0 = Debug|Any CPU
		{8B25278B-374D-40E3-A505-BCD997AC820D}.Debug|x86.ActiveCfg = Debug|Any CPU
		{8B25278B-374D-40E3-A505-BCD997AC820D}.Debug|x86.Build.0 = Debug|Any CPU
		{8B25278B-374D-40E3-A505-BCD997AC820D}.Release|Any CPU.ActiveCfg = Release|Any CPU
		{8B25278B-374D-40E3-A505-BCD997AC820D}.Release|Any CPU.Build.0 = Release|Any CPU
		{8B25278B-374D-40E3-A505-BCD997AC820D}.Release|ARM.ActiveCfg = Release|Any CPU
		{8B25278B-374D-40E3-A505-BCD997AC820D}.Release|ARM.Build.0 = Release|Any CPU
		{8B25278B-374D-40E3-A505-BCD997AC820D}.Release|x64.ActiveCfg = Release|Any CPU
		{8B25278B-374D-40E3-A505-BCD997AC820D}.Release|x64.Build.0 = Release|Any CPU
		{8B25278B-374D-40E3-A505-BCD997AC820D}.Release|x86.ActiveCfg = Release|Any CPU
		{8B25278B-374D-40E3-A505-BCD997AC820D}.Release|x86.Build.0 = Release|Any CPU
		{C80F763C-88B3-47B2-BB9F-51CDFB925272}.Debug|Any CPU.ActiveCfg = Debug|Any CPU
		{C80F763C-88B3-47B2-BB9F-51CDFB925272}.Debug|Any CPU.Build.0 = Debug|Any CPU
		{C80F763C-88B3-47B2-BB9F-51CDFB925272}.Debug|ARM.ActiveCfg = Debug|Any CPU
		{C80F763C-88B3-47B2-BB9F-51CDFB925272}.Debug|ARM.Build.0 = Debug|Any CPU
		{C80F763C-88B3-47B2-BB9F-51CDFB925272}.Debug|x64.ActiveCfg = Debug|Any CPU
		{C80F763C-88B3-47B2-BB9F-51CDFB925272}.Debug|x64.Build.0 = Debug|Any CPU
		{C80F763C-88B3-47B2-BB9F-51CDFB925272}.Debug|x86.ActiveCfg = Debug|Any CPU
		{C80F763C-88B3-47B2-BB9F-51CDFB925272}.Debug|x86.Build.0 = Debug|Any CPU
		{C80F763C-88B3-47B2-BB9F-51CDFB925272}.Release|Any CPU.ActiveCfg = Release|Any CPU
		{C80F763C-88B3-47B2-BB9F-51CDFB925272}.Release|Any CPU.Build.0 = Release|Any CPU
		{C80F763C-88B3-47B2-BB9F-51CDFB925272}.Release|ARM.ActiveCfg = Release|Any CPU
		{C80F763C-88B3-47B2-BB9F-51CDFB925272}.Release|ARM.Build.0 = Release|Any CPU
		{C80F763C-88B3-47B2-BB9F-51CDFB925272}.Release|x64.ActiveCfg = Release|Any CPU
		{C80F763C-88B3-47B2-BB9F-51CDFB925272}.Release|x64.Build.0 = Release|Any CPU
		{C80F763C-88B3-47B2-BB9F-51CDFB925272}.Release|x86.ActiveCfg = Release|Any CPU
		{C80F763C-88B3-47B2-BB9F-51CDFB925272}.Release|x86.Build.0 = Release|Any CPU
	EndGlobalSection
	GlobalSection(SolutionProperties) = preSolution
		HideSolutionNode = FALSE
	EndGlobalSection
	GlobalSection(ExtensibilityGlobals) = postSolution
		SolutionGuid = {8770C641-A0E9-4FD7-88A5-5659F14C0307}
	EndGlobalSection
EndGlobal
